
Microsoft Visual Studio Solution File, Format Version 12.00
# Visual Studio Version 17
VisualStudioVersion = 17.0.31903.59
MinimumVisualStudioVersion = 10.0.40219.1
Project("{FAE04EC0-301F-11D3-BF4B-00C04F79EFBC}") = "OrderService", "OrderService\OrderService.csproj", "{E92ADAF5-066C-48C5-A8BB-21E82F8E3036}"
EndProject
Project("{FAE04EC0-301F-11D3-BF4B-00C04F79EFBC}") = "PaymentService", "PaymentService\PaymentService.csproj", "{BDCD0E6F-B77B-4A03-B663-BDC1BD186768}"
EndProject
Project("{FAE04EC0-301F-11D3-BF4B-00C04F79EFBC}") = "NotificationService", "NotificationService\NotificationService.csproj", "{176C2D22-03DE-489D-9EBA-FA66CCC8684D}"
EndProject
Project("{E53339B2-1760-4266-BCC7-CA923CBCF16C}") = "docker-compose", "docker-compose.dcproj", "{2BCF49AE-63BC-4ED7-80EA-2CB180AA2D5D}"
EndProject
Project("{2150E333-8FDC-42A3-9474-1A3956D46DE8}") = "Элементы решения", "Элементы решения", "{1084681A-870B-4E71-A5B5-59CE25E155FB}"
	ProjectSection(SolutionItems) = preProject
		.env = .env
		README.md = README.md
	EndProjectSection
EndProject
Global
	GlobalSection(SolutionConfigurationPlatforms) = preSolution
		Debug|Any CPU = Debug|Any CPU
		Release|Any CPU = Release|Any CPU
	EndGlobalSection
	GlobalSection(ProjectConfigurationPlatforms) = postSolution
		{E92ADAF5-066C-48C5-A8BB-21E82F8E3036}.Debug|Any CPU.ActiveCfg = Debug|Any CPU
		{E92ADAF5-066C-48C5-A8BB-21E82F8E3036}.Debug|Any CPU.Build.0 = Debug|Any CPU
		{E92ADAF5-066C-48C5-A8BB-21E82F8E3036}.Release|Any CPU.ActiveCfg = Release|Any CPU
		{E92ADAF5-066C-48C5-A8BB-21E82F8E3036}.Release|Any CPU.Build.0 = Release|Any CPU
		{BDCD0E6F-B77B-4A03-B663-BDC1BD186768}.Debug|Any CPU.ActiveCfg = Debug|Any CPU
		{BDCD0E6F-B77B-4A03-B663-BDC1BD186768}.Debug|Any CPU.Build.0 = Debug|Any CPU
		{BDCD0E6F-B77B-4A03-B663-BDC1BD186768}.Release|Any CPU.ActiveCfg = Release|Any CPU
		{BDCD0E6F-B77B-4A03-B663-BDC1BD186768}.Release|Any CPU.Build.0 = Release|Any CPU
		{176C2D22-03DE-489D-9EBA-FA66CCC8684D}.Debug|Any CPU.ActiveCfg = Debug|Any CPU
		{176C2D22-03DE-489D-9EBA-FA66CCC8684D}.Debug|Any CPU.Build.0 = Debug|Any CPU
		{176C2D22-03DE-489D-9EBA-FA66CCC8684D}.Release|Any CPU.ActiveCfg = Release|Any CPU
		{176C2D22-03DE-489D-9EBA-FA66CCC8684D}.Release|Any CPU.Build.0 = Release|Any CPU
		{2BCF49AE-63BC-4ED7-80EA-2CB180AA2D5D}.Debug|Any CPU.ActiveCfg = Debug|Any CPU
		{2BCF49AE-63BC-4ED7-80EA-2CB180AA2D5D}.Debug|Any CPU.Build.0 = Debug|Any CPU
		{2BCF49AE-63BC-4ED7-80EA-2CB180AA2D5D}.Release|Any CPU.ActiveCfg = Release|Any CPU
		{2BCF49AE-63BC-4ED7-80EA-2CB180AA2D5D}.Release|Any CPU.Build.0 = Release|Any CPU
	EndGlobalSection
	GlobalSection(SolutionProperties) = preSolution
		HideSolutionNode = FALSE
	EndGlobalSection
	GlobalSection(ExtensibilityGlobals) = postSolution
		SolutionGuid = {00F78F16-43B8-4CBD-8442-D522D8C23C5E}
	EndGlobalSection
EndGlobal
